
Microsoft Visual Studio Solution File, Format Version 12.00
# Visual Studio Version 16
VisualStudioVersion = 16.0.29503.13
MinimumVisualStudioVersion = 10.0.40219.1
Project("{FAE04EC0-301F-11D3-BF4B-00C04F79EFBC}") = "SalesWebMvc", "SalesWebMvc\SalesWebMvc.csproj", "{8A42ED93-0131-471C-AA8A-AAC3E60F2913}"
EndProject
Global
	GlobalSection(SolutionConfigurationPlatforms) = preSolution
		Debug|Any CPU = Debug|Any CPU
		Release|Any CPU = Release|Any CPU
	EndGlobalSection
	GlobalSection(ProjectConfigurationPlatforms) = postSolution
		{8A42ED93-0131-471C-AA8A-AAC3E60F2913}.Debug|Any CPU.ActiveCfg = Debug|Any CPU
		{8A42ED93-0131-471C-AA8A-AAC3E60F2913}.Debug|Any CPU.Build.0 = Debug|Any CPU
		{8A42ED93-0131-471C-AA8A-AAC3E60F2913}.Release|Any CPU.ActiveCfg = Release|Any CPU
		{8A42ED93-0131-471C-AA8A-AAC3E60F2913}.Release|Any CPU.Build.0 = Release|Any CPU
	EndGlobalSection
	GlobalSection(SolutionProperties) = preSolution
		HideSolutionNode = FALSE
	EndGlobalSection
	GlobalSection(ExtensibilityGlobals) = postSolution
		SolutionGuid = {52819176-8371-44AB-98C2-1CE9E6DC2A48}
	EndGlobalSection
EndGlobal
